
Microsoft Visual Studio Solution File, Format Version 12.00
# Visual Studio Version 17
VisualStudioVersion = 17.13.36105.23 d17.13
MinimumVisualStudioVersion = 10.0.40219.1
Project("{FAE04EC0-301F-11D3-BF4B-00C04F79EFBC}") = "knowmedpub", "knowmedpub.csproj", "{74264BA9-2A0A-45CC-8128-6A562D89A8BF}"
EndProject
Global
	GlobalSection(SolutionConfigurationPlatforms) = preSolution
		Debug|Any CPU = Debug|Any CPU
		Release|Any CPU = Release|Any CPU
	EndGlobalSection
	GlobalSection(ProjectConfigurationPlatforms) = postSolution
		{74264BA9-2A0A-45CC-8128-6A562D89A8BF}.Debug|Any CPU.ActiveCfg = Debug|Any CPU
		{74264BA9-2A0A-45CC-8128-6A562D89A8BF}.Debug|Any CPU.Build.0 = Debug|Any CPU
		{74264BA9-2A0A-45CC-8128-6A562D89A8BF}.Release|Any CPU.ActiveCfg = Release|Any CPU
		{74264BA9-2A0A-45CC-8128-6A562D89A8BF}.Release|Any CPU.Build.0 = Release|Any CPU
	EndGlobalSection
	GlobalSection(SolutionProperties) = preSolution
		HideSolutionNode = FALSE
	EndGlobalSection
	GlobalSection(ExtensibilityGlobals) = postSolution
		SolutionGuid = {06C5FB3A-934D-404D-8A69-249549929F5D}
	EndGlobalSection
EndGlobal
